{
  "name": "case03",
  "version": "1.0.0",
  "lockfileVersion": 3,
  "requires": true,
  "packages": {
    "": {
      "name": "case03",
      "version": "1.0.0",
      "license": "ISC",
      "dependencies": {
        "jquery": "^2.2.2",
        "remove": "^0.1.5",
        "uniq": "^1.0.1"
      },
      "devDependencies": {
        "sass": "^1.79.2"
      }
    },
    "node_modules/chainsaw": {
      "version": "0.0.9",
      "resolved": "https://registry.npmjs.org/chainsaw/-/chainsaw-0.0.9.tgz",
      "integrity": "sha512-nG8PYH+/4xB+8zkV4G844EtfvZ5tTiLFoX3dZ4nhF4t3OCKIb9UvaFyNmeZO2zOSmRWzBoTD+napN6hiL+EgcA==",
      "license": "MIT/X11",
      "dependencies": {
        "traverse": ">=0.3.0 <0.4"
      },
      "engines": {
        "node": "*"
      }
    },
    "node_modules/chokidar": {
      "version": "4.0.0",
      "resolved": "https://registry.npmjs.org/chokidar/-/chokidar-4.0.0.tgz",
      "integrity": "sha512-mxIojEAQcuEvT/lyXq+jf/3cO/KoA6z4CeNDGGevTybECPOMFCnQy3OPahluUkbqgPNGw5Bi78UC7Po6Lhy+NA==",
      "dev": true,
      "license": "MIT",
      "dependencies": {
        "readdirp": "^4.0.1"
      },
      "engines": {
        "node": ">= 14.16.0"
      },
      "funding": {
        "url": "https://paulmillr.com/funding/"
      }
    },
    "node_modules/hashish": {
      "version": "0.0.4",
      "resolved": "https://registry.npmjs.org/hashish/-/hashish-0.0.4.tgz",
      "integrity": "sha512-xyD4XgslstNAs72ENaoFvgMwtv8xhiDtC2AtzCG+8yF7W/Knxxm9BX+e2s25mm+HxMKh0rBmXVOEGF3zNImXvA==",
      "license": "MIT/X11",
      "dependencies": {
        "traverse": ">=0.2.4"
      },
      "engines": {
        "node": "*"
      }
    },
    "node_modules/immutable": {
      "version": "4.3.7",
      "resolved": "https://registry.npmjs.org/immutable/-/immutable-4.3.7.tgz",
      "integrity": "sha512-1hqclzwYwjRDFLjcFxOM5AYkkG0rpFPpr1RLPMEuGczoS7YA8gLhy8SWXYRAA/XwfEHpfo3cw5JGioS32fnMRw==",
      "dev": true,
      "license": "MIT"
    },
    "node_modules/jquery": {
      "version": "2.2.2",
      "resolved": "https://registry.npmjs.org/jquery/-/jquery-2.2.2.tgz",
      "integrity": "sha512-D7eqvNhFca7JVGdcnyKhVdCsNgMGev8mC295EIaLKq8Xp5u4UPkEhIYJD2ceO968J9EqaTqUPlJFba+Y9pCBOA==",
      "license": "MIT"
    },
    "node_modules/readdirp": {
      "version": "4.0.1",
      "resolved": "https://registry.npmjs.org/readdirp/-/readdirp-4.0.1.tgz",
      "integrity": "sha512-GkMg9uOTpIWWKbSsgwb5fA4EavTR+SG/PMPoAY8hkhHfEEY0/vqljY+XHqtDf2cr2IJtoNRDbrrEpZUiZCkYRw==",
      "dev": true,
      "license": "MIT",
      "engines": {
        "node": ">= 14.16.0"
      },
      "funding": {
        "type": "individual",
        "url": "https://paulmillr.com/funding/"
      }
    },
    "node_modules/remove": {
      "version": "0.1.5",
      "resolved": "https://registry.npmjs.org/remove/-/remove-0.1.5.tgz",
      "integrity": "sha512-AJMA9oWvJzdTjwIGwSQZsjGQiRx73YTmiOWmfCp1fpLa/D4n7jKcpoA+CZiVLJqKcEKUuh1Suq80c5wF+L/qVQ==",
      "license": "MIT",
      "dependencies": {
        "seq": ">= 0.3.5"
      }
    },
    "node_modules/sass": {
      "version": "1.79.2",
      "resolved": "https://registry.npmjs.org/sass/-/sass-1.79.2.tgz",
      "integrity": "sha512-YmT1aoF1MwHsZEu/eXhbAJNsPGAhNP4UixW9ckEwWCvPcVdVF0/C104OGDVEqtoctKq0N+wM20O/rj+sSPsWeg==",
      "dev": true,
      "license": "MIT",
      "dependencies": {
        "chokidar": "^4.0.0",
        "immutable": "^4.0.0",
        "source-map-js": ">=0.6.2 <2.0.0"
      },
      "bin": {
        "sass": "sass.js"
      },
      "engines": {
        "node": ">=14.0.0"
      }
    },
    "node_modules/seq": {
      "version": "0.3.5",
      "resolved": "https://registry.npmjs.org/seq/-/seq-0.3.5.tgz",
      "integrity": "sha512-sisY2Ln1fj43KBkRtXkesnRHYNdswIkIibvNe/0UKm2GZxjMbqmccpiatoKr/k2qX5VKiLU8xm+tz/74LAho4g==",
      "license": "MIT/X11",
      "dependencies": {
        "chainsaw": ">=0.0.7 <0.1",
        "hashish": ">=0.0.2 <0.1"
      },
      "engines": {
        "node": "*"
      }
    },
    "node_modules/source-map-js": {
      "version": "1.2.1",
      "resolved": "https://registry.npmjs.org/source-map-js/-/source-map-js-1.2.1.tgz",
      "integrity": "sha512-UXWMKhLOwVKb728IUtQPXxfYU+usdybtUrK/8uGE8CQMvrhOpwvzDBwj0QhSL7MQc7vIsISBG8VQ8+IDQxpfQA==",
      "dev": true,
      "license": "BSD-3-Clause",
      "engines": {
        "node": ">=0.10.0"
      }
    },
    "node_modules/traverse": {
      "version": "0.3.9",
      "resolved": "https://registry.npmjs.org/traverse/-/traverse-0.3.9.tgz",
      "integrity": "sha512-iawgk0hLP3SxGKDfnDJf8wTz4p2qImnyihM5Hh/sGvQ3K37dPi/w8sRhdNIxYA1TwFwc5mDhIJq+O0RsvXBKdQ==",
      "license": "MIT/X11",
      "engines": {
        "node": "*"
      }
    },
    "node_modules/uniq": {
      "version": "1.0.1",
      "resolved": "https://registry.npmjs.org/uniq/-/uniq-1.0.1.tgz",
      "integrity": "sha512-Gw+zz50YNKPDKXs+9d+aKAjVwpjNwqzvNpLigIruT4HA9lMZNdMqs9x07kKHB/L9WRzqp4+DlTU5s4wG2esdoA==",
      "license": "MIT"
    }
  }
}
